
Microsoft Visual Studio Solution File, Format Version 12.00
# Visual Studio Version 17
VisualStudioVersion = 17.0.31903.59
MinimumVisualStudioVersion = 10.0.40219.1
Project("{2150E333-8FDC-42A3-9474-1A3956D46DE8}") = "src", "src", "{56CC946F-BF7D-4F6B-9CAC-CB2D0041119F}"
EndProject
Project("{FAE04EC0-301F-11D3-BF4B-00C04F79EFBC}") = "LocoTesting.API", "src\LocoTesting.API\LocoTesting.API.csproj", "{CCFE49FE-E9A2-48F3-B868-60755D290487}"
EndProject
Project("{FAE04EC0-301F-11D3-BF4B-00C04F79EFBC}") = "LocoTesting.Domain", "src\LocoTesting.Domain\LocoTesting.Domain.csproj", "{93964946-D955-4355-B614-A0AFA738A199}"
EndProject
Project("{FAE04EC0-301F-11D3-BF4B-00C04F79EFBC}") = "LocoTesting.Infrastructure", "src\LocoTesting.Infrastructure\LocoTesting.Infrastructure.csproj", "{CD52D22D-9DB6-488F-94BA-021994DE9907}"
EndProject
Project("{2150E333-8FDC-42A3-9474-1A3956D46DE8}") = "Solution Items", "Solution Items", "{1656F1E1-43A8-41F1-9C94-A42B4DDF235A}"
	ProjectSection(SolutionItems) = preProject
		compose.yaml = compose.yaml
	EndProjectSection
EndProject
Project("{FAE04EC0-301F-11D3-BF4B-00C04F79EFBC}") = "LocoTesting.Application", "src\LocoTesting.Application\LocoTesting.Application.csproj", "{F05084E4-D011-4D6E-A40F-5255582992B2}"
EndProject
Global
	GlobalSection(SolutionConfigurationPlatforms) = preSolution
		Debug|Any CPU = Debug|Any CPU
		Release|Any CPU = Release|Any CPU
	EndGlobalSection
	GlobalSection(SolutionProperties) = preSolution
		HideSolutionNode = FALSE
	EndGlobalSection
	GlobalSection(ProjectConfigurationPlatforms) = postSolution
		{CCFE49FE-E9A2-48F3-B868-60755D290487}.Debug|Any CPU.ActiveCfg = Debug|Any CPU
		{CCFE49FE-E9A2-48F3-B868-60755D290487}.Debug|Any CPU.Build.0 = Debug|Any CPU
		{CCFE49FE-E9A2-48F3-B868-60755D290487}.Release|Any CPU.ActiveCfg = Release|Any CPU
		{CCFE49FE-E9A2-48F3-B868-60755D290487}.Release|Any CPU.Build.0 = Release|Any CPU
		{93964946-D955-4355-B614-A0AFA738A199}.Debug|Any CPU.ActiveCfg = Debug|Any CPU
		{93964946-D955-4355-B614-A0AFA738A199}.Debug|Any CPU.Build.0 = Debug|Any CPU
		{93964946-D955-4355-B614-A0AFA738A199}.Release|Any CPU.ActiveCfg = Release|Any CPU
		{93964946-D955-4355-B614-A0AFA738A199}.Release|Any CPU.Build.0 = Release|Any CPU
		{CD52D22D-9DB6-488F-94BA-021994DE9907}.Debug|Any CPU.ActiveCfg = Debug|Any CPU
		{CD52D22D-9DB6-488F-94BA-021994DE9907}.Debug|Any CPU.Build.0 = Debug|Any CPU
		{CD52D22D-9DB6-488F-94BA-021994DE9907}.Release|Any CPU.ActiveCfg = Release|Any CPU
		{CD52D22D-9DB6-488F-94BA-021994DE9907}.Release|Any CPU.Build.0 = Release|Any CPU
		{F05084E4-D011-4D6E-A40F-5255582992B2}.Debug|Any CPU.ActiveCfg = Debug|Any CPU
		{F05084E4-D011-4D6E-A40F-5255582992B2}.Debug|Any CPU.Build.0 = Debug|Any CPU
		{F05084E4-D011-4D6E-A40F-5255582992B2}.Release|Any CPU.ActiveCfg = Release|Any CPU
		{F05084E4-D011-4D6E-A40F-5255582992B2}.Release|Any CPU.Build.0 = Release|Any CPU
	EndGlobalSection
	GlobalSection(NestedProjects) = preSolution
		{CCFE49FE-E9A2-48F3-B868-60755D290487} = {56CC946F-BF7D-4F6B-9CAC-CB2D0041119F}
		{93964946-D955-4355-B614-A0AFA738A199} = {56CC946F-BF7D-4F6B-9CAC-CB2D0041119F}
		{CD52D22D-9DB6-488F-94BA-021994DE9907} = {56CC946F-BF7D-4F6B-9CAC-CB2D0041119F}
		{F05084E4-D011-4D6E-A40F-5255582992B2} = {56CC946F-BF7D-4F6B-9CAC-CB2D0041119F}
	EndGlobalSection
EndGlobal
